
Microsoft Visual Studio Solution File, Format Version 12.00
# Visual Studio Version 17
VisualStudioVersion = 17.5.002.0
MinimumVisualStudioVersion = 10.0.40219.1
Project("{9A19103F-16F7-4668-BE54-9A1E7A4F7556}") = "App", "App\App.csproj", "{DDA0D072-D5BA-41FE-9DDE-4D9FDB356A88}"
EndProject
Project("{9A19103F-16F7-4668-BE54-9A1E7A4F7556}") = "Library", "Library\Library.csproj", "{F188327C-4843-4829-860E-07F2E3219492}"
EndProject
Project("{9A19103F-16F7-4668-BE54-9A1E7A4F7556}") = "Tests", "Tests\Tests.csproj", "{92F5556C-9DE4-4279-8B47-D4AE067F459F}"
EndProject
Global
	GlobalSection(SolutionConfigurationPlatforms) = preSolution
		Debug|Any CPU = Debug|Any CPU
		Release|Any CPU = Release|Any CPU
	EndGlobalSection
	GlobalSection(ProjectConfigurationPlatforms) = postSolution
		{DDA0D072-D5BA-41FE-9DDE-4D9FDB356A88}.Debug|Any CPU.ActiveCfg = Debug|Any CPU
		{DDA0D072-D5BA-41FE-9DDE-4D9FDB356A88}.Debug|Any CPU.Build.0 = Debug|Any CPU
		{DDA0D072-D5BA-41FE-9DDE-4D9FDB356A88}.Release|Any CPU.ActiveCfg = Release|Any CPU
		{DDA0D072-D5BA-41FE-9DDE-4D9FDB356A88}.Release|Any CPU.Build.0 = Release|Any CPU
		{F188327C-4843-4829-860E-07F2E3219492}.Debug|Any CPU.ActiveCfg = Debug|Any CPU
		{F188327C-4843-4829-860E-07F2E3219492}.Debug|Any CPU.Build.0 = Debug|Any CPU
		{F188327C-4843-4829-860E-07F2E3219492}.Release|Any CPU.ActiveCfg = Release|Any CPU
		{F188327C-4843-4829-860E-07F2E3219492}.Release|Any CPU.Build.0 = Release|Any CPU
		{92F5556C-9DE4-4279-8B47-D4AE067F459F}.Debug|Any CPU.ActiveCfg = Debug|Any CPU
		{92F5556C-9DE4-4279-8B47-D4AE067F459F}.Debug|Any CPU.Build.0 = Debug|Any CPU
		{92F5556C-9DE4-4279-8B47-D4AE067F459F}.Release|Any CPU.ActiveCfg = Release|Any CPU
		{92F5556C-9DE4-4279-8B47-D4AE067F459F}.Release|Any CPU.Build.0 = Release|Any CPU
	EndGlobalSection
	GlobalSection(SolutionProperties) = preSolution
		HideSolutionNode = FALSE
	EndGlobalSection
	GlobalSection(ExtensibilityGlobals) = postSolution
		SolutionGuid = {026B0FA5-2BD5-45B0-971C-7C36FB71E139}
	EndGlobalSection
EndGlobal
